// !$*UTF8*$!
{
	archiveVersion = 1;
	classes = {
	};
	objectVersion = 46;
	objects = {

/* Begin PBXBuildFile section */
		017F4DA11C138968003BC7AA /* Enemy-Explosion.wav in Resources */ = {isa = PBXBuildFile; fileRef = 017F4DA01C138968003BC7AA /* Enemy-Explosion.wav */; };
		017F4DA61C138984003BC7AA /* Laser.wav in Resources */ = {isa = PBXBuildFile; fileRef = 017F4DA21C138984003BC7AA /* Laser.wav */; };
		017F4DA71C138984003BC7AA /* Pause.wav in Resources */ = {isa = PBXBuildFile; fileRef = 017F4DA31C138984003BC7AA /* Pause.wav */; };
		017F4DA81C138984003BC7AA /* Player-Death.wav in Resources */ = {isa = PBXBuildFile; fileRef = 017F4DA41C138984003BC7AA /* Player-Death.wav */; };
		017F4DA91C138984003BC7AA /* Start.wav in Resources */ = {isa = PBXBuildFile; fileRef = 017F4DA51C138984003BC7AA /* Start.wav */; };
		0180BD531C0A802C00B42979 /* FAQ.swift in Sources */ = {isa = PBXBuildFile; fileRef = 0180BD521C0A802C00B42979 /* FAQ.swift */; };
		01BE6ECA1C1A9127006A119A /* Joystick.swift in Sources */ = {isa = PBXBuildFile; fileRef = 01BE6EC91C1A9127006A119A /* Joystick.swift */; };
		01BE6ECC1C1A9471006A119A /* selector.png in Resources */ = {isa = PBXBuildFile; fileRef = 01BE6ECB1C1A9471006A119A /* selector.png */; };
		01BE6ECE1C1A9477006A119A /* jbackground.png in Resources */ = {isa = PBXBuildFile; fileRef = 01BE6ECD1C1A9477006A119A /* jbackground.png */; };
		01C0BA691C0977E000EB0E6C /* Background.sks in Resources */ = {isa = PBXBuildFile; fileRef = 01C0BA671C0977E000EB0E6C /* Background.sks */; };
		01C0BA6A1C0977E000EB0E6C /* spark.png in Resources */ = {isa = PBXBuildFile; fileRef = 01C0BA681C0977E000EB0E6C /* spark.png */; };
		01C417F31C18DB2E00565E43 /* faq.png in Resources */ = {isa = PBXBuildFile; fileRef = 01C417F21C18DB2E00565E43 /* faq.png */; };
		01C417F61C190C5300565E43 /* EnemyExplosion.sks in Resources */ = {isa = PBXBuildFile; fileRef = 01C417F41C190C5300565E43 /* EnemyExplosion.sks */; };
		01C417F71C190C5300565E43 /* spark.png in Resources */ = {isa = PBXBuildFile; fileRef = 01C417F51C190C5300565E43 /* spark.png */; };
		01C417FB1C1916BC00565E43 /* EngineExhaust.sks in Resources */ = {isa = PBXBuildFile; fileRef = 01C417FA1C1916BC00565E43 /* EngineExhaust.sks */; };
		01C417FD1C19213300565E43 /* PlayerExplosion.sks in Resources */ = {isa = PBXBuildFile; fileRef = 01C417FC1C19213300565E43 /* PlayerExplosion.sks */; };
		01C418011C193B5200565E43 /* score.png in Resources */ = {isa = PBXBuildFile; fileRef = 01C418001C193B5200565E43 /* score.png */; };
		01C6F1751C1B69D100739557 /* Boss.swift in Sources */ = {isa = PBXBuildFile; fileRef = 01C6F1741C1B69D100739557 /* Boss.swift */; };
		5403242E1A4B8B5300B61880 /* AppDelegate.swift in Sources */ = {isa = PBXBuildFile; fileRef = 5403242D1A4B8B5300B61880 /* AppDelegate.swift */; };
		540324321A4B8B5300B61880 /* GameScene.swift in Sources */ = {isa = PBXBuildFile; fileRef = 540324311A4B8B5300B61880 /* GameScene.swift */; };
		540324341A4B8B5300B61880 /* GameViewController.swift in Sources */ = {isa = PBXBuildFile; fileRef = 540324331A4B8B5300B61880 /* GameViewController.swift */; };
		540324371A4B8B5300B61880 /* Main.storyboard in Resources */ = {isa = PBXBuildFile; fileRef = 540324351A4B8B5300B61880 /* Main.storyboard */; };
		540324391A4B8B5300B61880 /* Images.xcassets in Resources */ = {isa = PBXBuildFile; fileRef = 540324381A4B8B5300B61880 /* Images.xcassets */; };
		540A9B161B1534F200A8F6E0 /* FadeText.swift in Sources */ = {isa = PBXBuildFile; fileRef = 540A9B151B1534F200A8F6E0 /* FadeText.swift */; };
		541036881A55EFB000FA8BD2 /* Enemy.swift in Sources */ = {isa = PBXBuildFile; fileRef = 541036871A55EFB000FA8BD2 /* Enemy.swift */; };
		5410368A1A55EFD200FA8BD2 /* Sprite.swift in Sources */ = {isa = PBXBuildFile; fileRef = 541036891A55EFD200FA8BD2 /* Sprite.swift */; };
		547B0DAC1A5F59BC00B3985C /* Player.swift in Sources */ = {isa = PBXBuildFile; fileRef = 547B0DAB1A5F59BC00B3985C /* Player.swift */; };
		547B0DAF1A5F5D3E00B3985C /* Scoreboard.swift in Sources */ = {isa = PBXBuildFile; fileRef = 547B0DAE1A5F5D3E00B3985C /* Scoreboard.swift */; };
		547B0DB11A5F64CE00B3985C /* Background.swift in Sources */ = {isa = PBXBuildFile; fileRef = 547B0DB01A5F64CE00B3985C /* Background.swift */; };
		547BDB8C1A60C1B1009F1B50 /* Pause.swift in Sources */ = {isa = PBXBuildFile; fileRef = 547BDB8B1A60C1B1009F1B50 /* Pause.swift */; };
		549C4AB71AC34BB500F26917 /* Crashlytics.framework in Frameworks */ = {isa = PBXBuildFile; fileRef = 549C4AB51AC34BB500F26917 /* Crashlytics.framework */; };
		549C4AB81AC34BB500F26917 /* Fabric.framework in Frameworks */ = {isa = PBXBuildFile; fileRef = 549C4AB61AC34BB500F26917 /* Fabric.framework */; };
		54A2C7491A65A70A003746D3 /* GameKit.framework in Frameworks */ = {isa = PBXBuildFile; fileRef = 54A2C7481A65A70A003746D3 /* GameKit.framework */; };
		54A317941B3A037A00D8CB16 /* LaunchScreen.storyboard in Resources */ = {isa = PBXBuildFile; fileRef = 54A317931B3A037A00D8CB16 /* LaunchScreen.storyboard */; };
		54BC178E1AC1FABF000A7FED /* soundoff.png in Resources */ = {isa = PBXBuildFile; fileRef = 54BC178B1AC1FABF000A7FED /* soundoff.png */; };
		54BC178F1AC1FABF000A7FED /* soundon.png in Resources */ = {isa = PBXBuildFile; fileRef = 54BC178C1AC1FABF000A7FED /* soundon.png */; };
		54C242F51AC8AEE8005385C2 /* Options.swift in Sources */ = {isa = PBXBuildFile; fileRef = 54C242F41AC8AEE8005385C2 /* Options.swift */; };
		54C242F91AC8C26C005385C2 /* OptionsMenu.swift in Sources */ = {isa = PBXBuildFile; fileRef = 54C242F81AC8C26C005385C2 /* OptionsMenu.swift */; };
		54D1EDCA1A846FB50058E8DB /* Utility.swift in Sources */ = {isa = PBXBuildFile; fileRef = 54D1EDC91A846FB50058E8DB /* Utility.swift */; };
		54E4AB1F1A4F6B56004D80C3 /* MainMenuScene.swift in Sources */ = {isa = PBXBuildFile; fileRef = 54E4AB1E1A4F6B56004D80C3 /* MainMenuScene.swift */; };
		54ECDC121A632A1600860C5E /* PopupMenu.swift in Sources */ = {isa = PBXBuildFile; fileRef = 54ECDC111A632A1600860C5E /* PopupMenu.swift */; };
		54ECDC141A64376800860C5E /* Button.swift in Sources */ = {isa = PBXBuildFile; fileRef = 54ECDC131A64376800860C5E /* Button.swift */; };
		54ECDC1F1A64E99400860C5E /* home.png in Resources */ = {isa = PBXBuildFile; fileRef = 54ECDC1B1A64E99400860C5E /* home.png */; };
		54ECDC211A64E99400860C5E /* settings.png in Resources */ = {isa = PBXBuildFile; fileRef = 54ECDC1D1A64E99400860C5E /* settings.png */; };
		55AD86821A8E831E00839E28 /* game.atlas in Resources */ = {isa = PBXBuildFile; fileRef = 55AD86811A8E831E00839E28 /* game.atlas */; };
		C804658E1C18E1AD00391F72 /* shipSpeed.png in Resources */ = {isa = PBXBuildFile; fileRef = C804658D1C18E1AD00391F72 /* shipSpeed.png */; };
		C80465901C18E52000391F72 /* reloadSpeed.png in Resources */ = {isa = PBXBuildFile; fileRef = C804658F1C18E52000391F72 /* reloadSpeed.png */; };
		C80465921C18EBC400391F72 /* laserVelocity.png in Resources */ = {isa = PBXBuildFile; fileRef = C80465911C18EBC400391F72 /* laserVelocity.png */; };
		C80465941C18F21C00391F72 /* laserSize.png in Resources */ = {isa = PBXBuildFile; fileRef = C80465931C18F21C00391F72 /* laserSize.png */; };
		EB8A47DF1A979AE300CF6272 /* GCHelper.swift in Sources */ = {isa = PBXBuildFile; fileRef = EB8A47DE1A979AE300CF6272 /* GCHelper.swift */; };
/* End PBXBuildFile section */

/* Begin PBXFileReference section */
		017F4DA01C138968003BC7AA /* Enemy-Explosion.wav */ = {isa = PBXFileReference; lastKnownFileType = audio.wav; name = "Enemy-Explosion.wav"; path = "Code/sounds/Enemy-Explosion.wav"; sourceTree = SOURCE_ROOT; };
		017F4DA21C138984003BC7AA /* Laser.wav */ = {isa = PBXFileReference; lastKnownFileType = audio.wav; name = Laser.wav; path = Code/sounds/Laser.wav; sourceTree = SOURCE_ROOT; };
		017F4DA31C138984003BC7AA /* Pause.wav */ = {isa = PBXFileReference; lastKnownFileType = audio.wav; name = Pause.wav; path = Code/sounds/Pause.wav; sourceTree = SOURCE_ROOT; };
		017F4DA41C138984003BC7AA /* Player-Death.wav */ = {isa = PBXFileReference; lastKnownFileType = audio.wav; name = "Player-Death.wav"; path = "Code/sounds/Player-Death.wav"; sourceTree = SOURCE_ROOT; };
		017F4DA51C138984003BC7AA /* Start.wav */ = {isa = PBXFileReference; lastKnownFileType = audio.wav; name = Start.wav; path = Code/sounds/Start.wav; sourceTree = SOURCE_ROOT; };
		0180BD521C0A802C00B42979 /* FAQ.swift */ = {isa = PBXFileReference; fileEncoding = 4; lastKnownFileType = sourcecode.swift; path = FAQ.swift; sourceTree = "<group>"; };
		01BE6EC91C1A9127006A119A /* Joystick.swift */ = {isa = PBXFileReference; fileEncoding = 4; lastKnownFileType = sourcecode.swift; path = Joystick.swift; sourceTree = "<group>"; };
		01BE6ECB1C1A9471006A119A /* selector.png */ = {isa = PBXFileReference; lastKnownFileType = image.png; path = selector.png; sourceTree = "<group>"; };
		01BE6ECD1C1A9477006A119A /* jbackground.png */ = {isa = PBXFileReference; lastKnownFileType = image.png; path = jbackground.png; sourceTree = "<group>"; };
		01C0BA671C0977E000EB0E6C /* Background.sks */ = {isa = PBXFileReference; lastKnownFileType = file.sks; name = Background.sks; path = ../../Background.sks; sourceTree = "<group>"; };
		01C0BA681C0977E000EB0E6C /* spark.png */ = {isa = PBXFileReference; lastKnownFileType = image.png; name = spark.png; path = ../../spark.png; sourceTree = "<group>"; };
		01C417F21C18DB2E00565E43 /* faq.png */ = {isa = PBXFileReference; lastKnownFileType = image.png; path = faq.png; sourceTree = "<group>"; };
		01C417F41C190C5300565E43 /* EnemyExplosion.sks */ = {isa = PBXFileReference; lastKnownFileType = file.sks; path = EnemyExplosion.sks; sourceTree = "<group>"; };
		01C417F51C190C5300565E43 /* spark.png */ = {isa = PBXFileReference; lastKnownFileType = image.png; path = spark.png; sourceTree = "<group>"; };
		01C417FA1C1916BC00565E43 /* EngineExhaust.sks */ = {isa = PBXFileReference; lastKnownFileType = file.sks; path = EngineExhaust.sks; sourceTree = "<group>"; };
		01C417FC1C19213300565E43 /* PlayerExplosion.sks */ = {isa = PBXFileReference; lastKnownFileType = file.sks; path = PlayerExplosion.sks; sourceTree = "<group>"; };
		01C418001C193B5200565E43 /* score.png */ = {isa = PBXFileReference; lastKnownFileType = image.png; path = score.png; sourceTree = "<group>"; };
		01C6F1741C1B69D100739557 /* Boss.swift */ = {isa = PBXFileReference; fileEncoding = 4; lastKnownFileType = sourcecode.swift; path = Boss.swift; sourceTree = "<group>"; };
		540324281A4B8B5300B61880 /* Gametest.app */ = {isa = PBXFileReference; explicitFileType = wrapper.application; includeInIndex = 0; path = Gametest.app; sourceTree = BUILT_PRODUCTS_DIR; };
		5403242C1A4B8B5300B61880 /* Info.plist */ = {isa = PBXFileReference; lastKnownFileType = text.plist.xml; path = Info.plist; sourceTree = "<group>"; };
		5403242D1A4B8B5300B61880 /* AppDelegate.swift */ = {isa = PBXFileReference; lastKnownFileType = sourcecode.swift; path = AppDelegate.swift; sourceTree = "<group>"; };
		540324311A4B8B5300B61880 /* GameScene.swift */ = {isa = PBXFileReference; lastKnownFileType = sourcecode.swift; path = GameScene.swift; sourceTree = "<group>"; };
		540324331A4B8B5300B61880 /* GameViewController.swift */ = {isa = PBXFileReference; lastKnownFileType = sourcecode.swift; path = GameViewController.swift; sourceTree = "<group>"; };
		540324361A4B8B5300B61880 /* Base */ = {isa = PBXFileReference; lastKnownFileType = file.storyboard; name = Base; path = Base.lproj/Main.storyboard; sourceTree = "<group>"; };
		540324381A4B8B5300B61880 /* Images.xcassets */ = {isa = PBXFileReference; lastKnownFileType = folder.assetcatalog; path = Images.xcassets; sourceTree = "<group>"; };
		540A9B151B1534F200A8F6E0 /* FadeText.swift */ = {isa = PBXFileReference; fileEncoding = 4; lastKnownFileType = sourcecode.swift; path = FadeText.swift; sourceTree = "<group>"; };
		541036871A55EFB000FA8BD2 /* Enemy.swift */ = {isa = PBXFileReference; fileEncoding = 4; lastKnownFileType = sourcecode.swift; path = Enemy.swift; sourceTree = "<group>"; };
		541036891A55EFD200FA8BD2 /* Sprite.swift */ = {isa = PBXFileReference; fileEncoding = 4; lastKnownFileType = sourcecode.swift; path = Sprite.swift; sourceTree = "<group>"; };
		547B0DAB1A5F59BC00B3985C /* Player.swift */ = {isa = PBXFileReference; fileEncoding = 4; lastKnownFileType = sourcecode.swift; path = Player.swift; sourceTree = "<group>"; };
		547B0DAE1A5F5D3E00B3985C /* Scoreboard.swift */ = {isa = PBXFileReference; fileEncoding = 4; lastKnownFileType = sourcecode.swift; path = Scoreboard.swift; sourceTree = "<group>"; };
		547B0DB01A5F64CE00B3985C /* Background.swift */ = {isa = PBXFileReference; fileEncoding = 4; lastKnownFileType = sourcecode.swift; path = Background.swift; sourceTree = "<group>"; };
		547BDB8B1A60C1B1009F1B50 /* Pause.swift */ = {isa = PBXFileReference; fileEncoding = 4; lastKnownFileType = sourcecode.swift; path = Pause.swift; sourceTree = "<group>"; };
		549C4AB51AC34BB500F26917 /* Crashlytics.framework */ = {isa = PBXFileReference; lastKnownFileType = wrapper.framework; path = Crashlytics.framework; sourceTree = "<group>"; };
		549C4AB61AC34BB500F26917 /* Fabric.framework */ = {isa = PBXFileReference; lastKnownFileType = wrapper.framework; path = Fabric.framework; sourceTree = "<group>"; };
		54A2C7481A65A70A003746D3 /* GameKit.framework */ = {isa = PBXFileReference; lastKnownFileType = wrapper.framework; name = GameKit.framework; path = System/Library/Frameworks/GameKit.framework; sourceTree = SDKROOT; };
		54A317931B3A037A00D8CB16 /* LaunchScreen.storyboard */ = {isa = PBXFileReference; fileEncoding = 4; lastKnownFileType = file.storyboard; path = LaunchScreen.storyboard; sourceTree = "<group>"; };
		54BC178B1AC1FABF000A7FED /* soundoff.png */ = {isa = PBXFileReference; lastKnownFileType = image.png; path = soundoff.png; sourceTree = "<group>"; };
		54BC178C1AC1FABF000A7FED /* soundon.png */ = {isa = PBXFileReference; lastKnownFileType = image.png; path = soundon.png; sourceTree = "<group>"; };
		54C242F41AC8AEE8005385C2 /* Options.swift */ = {isa = PBXFileReference; fileEncoding = 4; lastKnownFileType = sourcecode.swift; path = Options.swift; sourceTree = "<group>"; };
		54C242F81AC8C26C005385C2 /* OptionsMenu.swift */ = {isa = PBXFileReference; fileEncoding = 4; lastKnownFileType = sourcecode.swift; path = OptionsMenu.swift; sourceTree = "<group>"; };
		54D1EDC91A846FB50058E8DB /* Utility.swift */ = {isa = PBXFileReference; fileEncoding = 4; lastKnownFileType = sourcecode.swift; path = Utility.swift; sourceTree = "<group>"; };
		54E4AB1E1A4F6B56004D80C3 /* MainMenuScene.swift */ = {isa = PBXFileReference; fileEncoding = 4; lastKnownFileType = sourcecode.swift; path = MainMenuScene.swift; sourceTree = "<group>"; };
		54ECDC111A632A1600860C5E /* PopupMenu.swift */ = {isa = PBXFileReference; fileEncoding = 4; lastKnownFileType = sourcecode.swift; path = PopupMenu.swift; sourceTree = "<group>"; };
		54ECDC131A64376800860C5E /* Button.swift */ = {isa = PBXFileReference; fileEncoding = 4; lastKnownFileType = sourcecode.swift; path = Button.swift; sourceTree = "<group>"; };
		54ECDC1B1A64E99400860C5E /* home.png */ = {isa = PBXFileReference; lastKnownFileType = image.png; path = home.png; sourceTree = "<group>"; };
		54ECDC1D1A64E99400860C5E /* settings.png */ = {isa = PBXFileReference; lastKnownFileType = image.png; path = settings.png; sourceTree = "<group>"; };
		55AD86811A8E831E00839E28 /* game.atlas */ = {isa = PBXFileReference; lastKnownFileType = folder.skatlas; path = game.atlas; sourceTree = "<group>"; };
		C804658D1C18E1AD00391F72 /* shipSpeed.png */ = {isa = PBXFileReference; lastKnownFileType = image.png; path = shipSpeed.png; sourceTree = "<group>"; };
		C804658F1C18E52000391F72 /* reloadSpeed.png */ = {isa = PBXFileReference; lastKnownFileType = image.png; path = reloadSpeed.png; sourceTree = "<group>"; };
		C80465911C18EBC400391F72 /* laserVelocity.png */ = {isa = PBXFileReference; lastKnownFileType = image.png; path = laserVelocity.png; sourceTree = "<group>"; };
		C80465931C18F21C00391F72 /* laserSize.png */ = {isa = PBXFileReference; lastKnownFileType = image.png; path = laserSize.png; sourceTree = "<group>"; };
		EB8A47DE1A979AE300CF6272 /* GCHelper.swift */ = {isa = PBXFileReference; fileEncoding = 4; lastKnownFileType = sourcecode.swift; path = GCHelper.swift; sourceTree = "<group>"; };
/* End PBXFileReference section */

/* Begin PBXFrameworksBuildPhase section */
		540324251A4B8B5300B61880 /* Frameworks */ = {
			isa = PBXFrameworksBuildPhase;
			buildActionMask = 2147483647;
			files = (
				549C4AB71AC34BB500F26917 /* Crashlytics.framework in Frameworks */,
				54A2C7491A65A70A003746D3 /* GameKit.framework in Frameworks */,
				549C4AB81AC34BB500F26917 /* Fabric.framework in Frameworks */,
			);
			runOnlyForDeploymentPostprocessing = 0;
		};
/* End PBXFrameworksBuildPhase section */

/* Begin PBXGroup section */
		5403241F1A4B8B5300B61880 = {
			isa = PBXGroup;
			children = (
				549C4AB51AC34BB500F26917 /* Crashlytics.framework */,
				549C4AB61AC34BB500F26917 /* Fabric.framework */,
				5403242A1A4B8B5300B61880 /* Code */,
				55AD867E1A8E81FD00839E28 /* Frameworks */,
				540324291A4B8B5300B61880 /* Products */,
			);
			sourceTree = "<group>";
		};
		540324291A4B8B5300B61880 /* Products */ = {
			isa = PBXGroup;
			children = (
				540324281A4B8B5300B61880 /* Gametest.app */,
			);
			name = Products;
			sourceTree = "<group>";
		};
		5403242A1A4B8B5300B61880 /* Code */ = {
			isa = PBXGroup;
			children = (
				54BC17781AC1ECE1000A7FED /* Sounds */,
				540324511A4B8C0D00B61880 /* Images */,
				540324311A4B8B5300B61880 /* GameScene.swift */,
				547BDB821A60A21B009F1B50 /* Menu */,
				547B0DAD1A5F5C9600B3985C /* Sprites */,
				541036891A55EFD200FA8BD2 /* Sprite.swift */,
				0180BD521C0A802C00B42979 /* FAQ.swift */,
				54E4AB1E1A4F6B56004D80C3 /* MainMenuScene.swift */,
				54D1EDC91A846FB50058E8DB /* Utility.swift */,
				54C242F41AC8AEE8005385C2 /* Options.swift */,
				5403242D1A4B8B5300B61880 /* AppDelegate.swift */,
				540324331A4B8B5300B61880 /* GameViewController.swift */,
				540324351A4B8B5300B61880 /* Main.storyboard */,
				540324381A4B8B5300B61880 /* Images.xcassets */,
				5403242B1A4B8B5300B61880 /* Supporting Files */,
				EB8A47DE1A979AE300CF6272 /* GCHelper.swift */,
				54A317931B3A037A00D8CB16 /* LaunchScreen.storyboard */,
			);
			path = Code;
			sourceTree = "<group>";
		};
		5403242B1A4B8B5300B61880 /* Supporting Files */ = {
			isa = PBXGroup;
			children = (
				5403242C1A4B8B5300B61880 /* Info.plist */,
			);
			name = "Supporting Files";
			sourceTree = "<group>";
		};
		540324511A4B8C0D00B61880 /* Images */ = {
			isa = PBXGroup;
			children = (
				01C417FC1C19213300565E43 /* PlayerExplosion.sks */,
				01C417F41C190C5300565E43 /* EnemyExplosion.sks */,
				01C417F51C190C5300565E43 /* spark.png */,
				C80465931C18F21C00391F72 /* laserSize.png */,
				C80465911C18EBC400391F72 /* laserVelocity.png */,
				C804658F1C18E52000391F72 /* reloadSpeed.png */,
				C804658D1C18E1AD00391F72 /* shipSpeed.png */,
				01C0BA671C0977E000EB0E6C /* Background.sks */,
				01BE6ECB1C1A9471006A119A /* selector.png */,
				01BE6ECD1C1A9477006A119A /* jbackground.png */,
				01C0BA681C0977E000EB0E6C /* spark.png */,
				01C417FA1C1916BC00565E43 /* EngineExhaust.sks */,
				54BC17851AC1F910000A7FED /* buttons */,
				54ECDC1B1A64E99400860C5E /* home.png */,
				01C417F21C18DB2E00565E43 /* faq.png */,
				01C418001C193B5200565E43 /* score.png */,
				54ECDC1D1A64E99400860C5E /* settings.png */,
				55AD86811A8E831E00839E28 /* game.atlas */,
			);
			name = Images;
			path = images;
			sourceTree = "<group>";
		};
		547B0DAD1A5F5C9600B3985C /* Sprites */ = {
			isa = PBXGroup;
			children = (
				541036871A55EFB000FA8BD2 /* Enemy.swift */,
				547B0DAB1A5F59BC00B3985C /* Player.swift */,
				547B0DAE1A5F5D3E00B3985C /* Scoreboard.swift */,
				547B0DB01A5F64CE00B3985C /* Background.swift */,
				01BE6EC91C1A9127006A119A /* Joystick.swift */,
				01C6F1741C1B69D100739557 /* Boss.swift */,
			);
			name = Sprites;
			sourceTree = "<group>";
		};
		547BDB821A60A21B009F1B50 /* Menu */ = {
			isa = PBXGroup;
			children = (
				540A9B151B1534F200A8F6E0 /* FadeText.swift */,
				54ECDC111A632A1600860C5E /* PopupMenu.swift */,
				54C242F81AC8C26C005385C2 /* OptionsMenu.swift */,
				54ECDC131A64376800860C5E /* Button.swift */,
				547BDB8B1A60C1B1009F1B50 /* Pause.swift */,
			);
			name = Menu;
			sourceTree = "<group>";
		};
		54BC17781AC1ECE1000A7FED /* Sounds */ = {
			isa = PBXGroup;
			children = (
				017F4DA01C138968003BC7AA /* Enemy-Explosion.wav */,
				017F4DA21C138984003BC7AA /* Laser.wav */,
				017F4DA31C138984003BC7AA /* Pause.wav */,
				017F4DA41C138984003BC7AA /* Player-Death.wav */,
				017F4DA51C138984003BC7AA /* Start.wav */,
			);
			name = Sounds;
			path = images;
			sourceTree = "<group>";
		};
		54BC17851AC1F910000A7FED /* buttons */ = {
			isa = PBXGroup;
			children = (
				54BC178B1AC1FABF000A7FED /* soundoff.png */,
				54BC178C1AC1FABF000A7FED /* soundon.png */,
			);
			name = buttons;
			sourceTree = "<group>";
		};
		55AD867E1A8E81FD00839E28 /* Frameworks */ = {
			isa = PBXGroup;
			children = (
				54A2C7481A65A70A003746D3 /* GameKit.framework */,
			);
			name = Frameworks;
			sourceTree = "<group>";
		};
/* End PBXGroup section */

/* Begin PBXNativeTarget section */
		540324271A4B8B5300B61880 /* Gametest */ = {
			isa = PBXNativeTarget;
			buildConfigurationList = 5403244B1A4B8B5300B61880 /* Build configuration list for PBXNativeTarget "Gametest" */;
			buildPhases = (
				540324241A4B8B5300B61880 /* Sources */,
				540324251A4B8B5300B61880 /* Frameworks */,
				540324261A4B8B5300B61880 /* Resources */,
				549C4AB41AC34B9800F26917 /* Run Script */,
			);
			buildRules = (
			);
			dependencies = (
			);
			name = Gametest;
			productName = SpaceEvaders;
			productReference = 540324281A4B8B5300B61880 /* Gametest.app */;
			productType = "com.apple.product-type.application";
		};
/* End PBXNativeTarget section */

/* Begin PBXProject section */
		540324201A4B8B5300B61880 /* Project object */ = {
			isa = PBXProject;
			attributes = {
				LastSwiftMigration = 0700;
				LastSwiftUpdateCheck = 0700;
				LastUpgradeCheck = 0700;
				ORGANIZATIONNAME = "UW Madison";
				TargetAttributes = {
					540324271A4B8B5300B61880 = {
						CreatedOnToolsVersion = 6.1.1;
						DevelopmentTeam = V6F2BC98PU;
						SystemCapabilities = {
							com.apple.GameCenter = {
								enabled = 1;
							};
							com.apple.InAppPurchase = {
								enabled = 1;
							};
						};
					};
				};
			};
			buildConfigurationList = 540324231A4B8B5300B61880 /* Build configuration list for PBXProject "Gametest" */;
			compatibilityVersion = "Xcode 3.2";
			developmentRegion = English;
			hasScannedForEncodings = 0;
			knownRegions = (
				en,
				Base,
			);
			mainGroup = 5403241F1A4B8B5300B61880;
			productRefGroup = 540324291A4B8B5300B61880 /* Products */;
			projectDirPath = "";
			projectRoot = "";
			targets = (
				540324271A4B8B5300B61880 /* Gametest */,
			);
		};
/* End PBXProject section */

/* Begin PBXResourcesBuildPhase section */
		540324261A4B8B5300B61880 /* Resources */ = {
			isa = PBXResourcesBuildPhase;
			buildActionMask = 2147483647;
			files = (
				01C417FD1C19213300565E43 /* PlayerExplosion.sks in Resources */,
				01C0BA6A1C0977E000EB0E6C /* spark.png in Resources */,
				55AD86821A8E831E00839E28 /* game.atlas in Resources */,
				01C417F31C18DB2E00565E43 /* faq.png in Resources */,
				C80465921C18EBC400391F72 /* laserVelocity.png in Resources */,
				01C417F61C190C5300565E43 /* EnemyExplosion.sks in Resources */,
				54BC178E1AC1FABF000A7FED /* soundoff.png in Resources */,
				017F4DA91C138984003BC7AA /* Start.wav in Resources */,
				017F4DA11C138968003BC7AA /* Enemy-Explosion.wav in Resources */,
				54ECDC211A64E99400860C5E /* settings.png in Resources */,
				540324391A4B8B5300B61880 /* Images.xcassets in Resources */,
				01C417FB1C1916BC00565E43 /* EngineExhaust.sks in Resources */,
				C804658E1C18E1AD00391F72 /* shipSpeed.png in Resources */,
				01C417F71C190C5300565E43 /* spark.png in Resources */,
				540324371A4B8B5300B61880 /* Main.storyboard in Resources */,
				C80465901C18E52000391F72 /* reloadSpeed.png in Resources */,
				01BE6ECC1C1A9471006A119A /* selector.png in Resources */,
				54BC178F1AC1FABF000A7FED /* soundon.png in Resources */,
				01C0BA691C0977E000EB0E6C /* Background.sks in Resources */,
				54ECDC1F1A64E99400860C5E /* home.png in Resources */,
				017F4DA61C138984003BC7AA /* Laser.wav in Resources */,
				017F4DA81C138984003BC7AA /* Player-Death.wav in Resources */,
				017F4DA71C138984003BC7AA /* Pause.wav in Resources */,
				01C418011C193B5200565E43 /* score.png in Resources */,
				01BE6ECE1C1A9477006A119A /* jbackground.png in Resources */,
				54A317941B3A037A00D8CB16 /* LaunchScreen.storyboard in Resources */,
				C80465941C18F21C00391F72 /* laserSize.png in Resources */,
			);
			runOnlyForDeploymentPostprocessing = 0;
		};
/* End PBXResourcesBuildPhase section */

/* Begin PBXShellScriptBuildPhase section */
		549C4AB41AC34B9800F26917 /* Run Script */ = {
			isa = PBXShellScriptBuildPhase;
			buildActionMask = 2147483647;
			files = (
			);
			inputPaths = (
			);
			name = "Run Script";
			outputPaths = (
			);
			runOnlyForDeploymentPostprocessing = 0;
			shellPath = /bin/sh;
			shellScript = "./Fabric.framework/run 4d1b9dcac7f5fad15894564711bb4fd5a49fdbb3 4c96b16c8fb4749b5716c986471791cf74b68c31697d63446c52aaa8dbd6129c";
		};
/* End PBXShellScriptBuildPhase section */

/* Begin PBXSourcesBuildPhase section */
		540324241A4B8B5300B61880 /* Sources */ = {
			isa = PBXSourcesBuildPhase;
			buildActionMask = 2147483647;
			files = (
				54E4AB1F1A4F6B56004D80C3 /* MainMenuScene.swift in Sources */,
				54ECDC121A632A1600860C5E /* PopupMenu.swift in Sources */,
				54ECDC141A64376800860C5E /* Button.swift in Sources */,
				EB8A47DF1A979AE300CF6272 /* GCHelper.swift in Sources */,
				54C242F51AC8AEE8005385C2 /* Options.swift in Sources */,
				540324321A4B8B5300B61880 /* GameScene.swift in Sources */,
				54C242F91AC8C26C005385C2 /* OptionsMenu.swift in Sources */,
				0180BD531C0A802C00B42979 /* FAQ.swift in Sources */,
				01C6F1751C1B69D100739557 /* Boss.swift in Sources */,
				547B0DAC1A5F59BC00B3985C /* Player.swift in Sources */,
				540324341A4B8B5300B61880 /* GameViewController.swift in Sources */,
				547BDB8C1A60C1B1009F1B50 /* Pause.swift in Sources */,
				541036881A55EFB000FA8BD2 /* Enemy.swift in Sources */,
				540A9B161B1534F200A8F6E0 /* FadeText.swift in Sources */,
				5410368A1A55EFD200FA8BD2 /* Sprite.swift in Sources */,
				54D1EDCA1A846FB50058E8DB /* Utility.swift in Sources */,
				547B0DAF1A5F5D3E00B3985C /* Scoreboard.swift in Sources */,
				01BE6ECA1C1A9127006A119A /* Joystick.swift in Sources */,
				5403242E1A4B8B5300B61880 /* AppDelegate.swift in Sources */,
				547B0DB11A5F64CE00B3985C /* Background.swift in Sources */,
			);
			runOnlyForDeploymentPostprocessing = 0;
		};
/* End PBXSourcesBuildPhase section */

/* Begin PBXVariantGroup section */
		540324351A4B8B5300B61880 /* Main.storyboard */ = {
			isa = PBXVariantGroup;
			children = (
				540324361A4B8B5300B61880 /* Base */,
			);
			name = Main.storyboard;
			sourceTree = "<group>";
		};
/* End PBXVariantGroup section */

/* Begin XCBuildConfiguration section */
		540324491A4B8B5300B61880 /* Debug */ = {
			isa = XCBuildConfiguration;
			buildSettings = {
				ALWAYS_SEARCH_USER_PATHS = NO;
				CLANG_CXX_LANGUAGE_STANDARD = "gnu++0x";
				CLANG_CXX_LIBRARY = "libc++";
				CLANG_ENABLE_MODULES = YES;
				CLANG_ENABLE_OBJC_ARC = YES;
				CLANG_WARN_BOOL_CONVERSION = YES;
				CLANG_WARN_CONSTANT_CONVERSION = YES;
				CLANG_WARN_DIRECT_OBJC_ISA_USAGE = YES_ERROR;
				CLANG_WARN_EMPTY_BODY = YES;
				CLANG_WARN_ENUM_CONVERSION = YES;
				CLANG_WARN_INT_CONVERSION = YES;
				CLANG_WARN_OBJC_ROOT_CLASS = YES_ERROR;
				CLANG_WARN_UNREACHABLE_CODE = YES;
				CLANG_WARN__DUPLICATE_METHOD_MATCH = YES;
				"CODE_SIGN_IDENTITY[sdk=iphoneos*]" = "iPhone Developer";
				COPY_PHASE_STRIP = NO;
				ENABLE_STRICT_OBJC_MSGSEND = YES;
				ENABLE_TESTABILITY = YES;
				GCC_C_LANGUAGE_STANDARD = gnu99;
				GCC_DYNAMIC_NO_PIC = NO;
				GCC_OPTIMIZATION_LEVEL = 0;
				GCC_PREPROCESSOR_DEFINITIONS = (
					"DEBUG=1",
					"$(inherited)",
				);
				GCC_SYMBOLS_PRIVATE_EXTERN = NO;
				GCC_WARN_64_TO_32_BIT_CONVERSION = YES;
				GCC_WARN_ABOUT_RETURN_TYPE = YES_ERROR;
				GCC_WARN_UNDECLARED_SELECTOR = YES;
				GCC_WARN_UNINITIALIZED_AUTOS = YES_AGGRESSIVE;
				GCC_WARN_UNUSED_FUNCTION = YES;
				GCC_WARN_UNUSED_VARIABLE = YES;
				IPHONEOS_DEPLOYMENT_TARGET = 8.0;
				MTL_ENABLE_DEBUG_INFO = YES;
				ONLY_ACTIVE_ARCH = YES;
				SDKROOT = iphoneos;
				SWIFT_OPTIMIZATION_LEVEL = "-Onone";
				TARGETED_DEVICE_FAMILY = "1,2";
			};
			name = Debug;
		};
		5403244A1A4B8B5300B61880 /* Release */ = {
			isa = XCBuildConfiguration;
			buildSettings = {
				ALWAYS_SEARCH_USER_PATHS = NO;
				CLANG_CXX_LANGUAGE_STANDARD = "gnu++0x";
				CLANG_CXX_LIBRARY = "libc++";
				CLANG_ENABLE_MODULES = YES;
				CLANG_ENABLE_OBJC_ARC = YES;
				CLANG_WARN_BOOL_CONVERSION = YES;
				CLANG_WARN_CONSTANT_CONVERSION = YES;
				CLANG_WARN_DIRECT_OBJC_ISA_USAGE = YES_ERROR;
				CLANG_WARN_EMPTY_BODY = YES;
				CLANG_WARN_ENUM_CONVERSION = YES;
				CLANG_WARN_INT_CONVERSION = YES;
				CLANG_WARN_OBJC_ROOT_CLASS = YES_ERROR;
				CLANG_WARN_UNREACHABLE_CODE = YES;
				CLANG_WARN__DUPLICATE_METHOD_MATCH = YES;
				"CODE_SIGN_IDENTITY[sdk=iphoneos*]" = "iPhone Developer";
				COPY_PHASE_STRIP = YES;
				ENABLE_NS_ASSERTIONS = NO;
				ENABLE_STRICT_OBJC_MSGSEND = YES;
				GCC_C_LANGUAGE_STANDARD = gnu99;
				GCC_WARN_64_TO_32_BIT_CONVERSION = YES;
				GCC_WARN_ABOUT_RETURN_TYPE = YES_ERROR;
				GCC_WARN_UNDECLARED_SELECTOR = YES;
				GCC_WARN_UNINITIALIZED_AUTOS = YES_AGGRESSIVE;
				GCC_WARN_UNUSED_FUNCTION = YES;
				GCC_WARN_UNUSED_VARIABLE = YES;
				IPHONEOS_DEPLOYMENT_TARGET = 8.0;
				MTL_ENABLE_DEBUG_INFO = NO;
				SDKROOT = iphoneos;
				TARGETED_DEVICE_FAMILY = "1,2";
				VALIDATE_PRODUCT = YES;
			};
			name = Release;
		};
		5403244C1A4B8B5300B61880 /* Debug */ = {
			isa = XCBuildConfiguration;
			buildSettings = {
				CODE_SIGN_IDENTITY = "iPhone Developer";
				"CODE_SIGN_IDENTITY[sdk=iphoneos*]" = "iPhone Developer";
				FRAMEWORK_SEARCH_PATHS = (
					"$(inherited)",
					"$(PROJECT_DIR)",
				);
				INFOPLIST_FILE = "$(SRCROOT)/Code/Info.plist";
				IPHONEOS_DEPLOYMENT_TARGET = 8.1;
				LD_RUNPATH_SEARCH_PATHS = "$(inherited) @executable_path/Frameworks";
				PRODUCT_BUNDLE_IDENTIFIER = com.uwmad407.gametest;
				PRODUCT_NAME = Gametest;
				PROVISIONING_PROFILE = "";
				TARGETED_DEVICE_FAMILY = 1;
			};
			name = Debug;
		};
		5403244D1A4B8B5300B61880 /* Release */ = {
			isa = XCBuildConfiguration;
			buildSettings = {
				CODE_SIGN_IDENTITY = "iPhone Developer";
				"CODE_SIGN_IDENTITY[sdk=iphoneos*]" = "iPhone Developer";
				FRAMEWORK_SEARCH_PATHS = (
					"$(inherited)",
					"$(PROJECT_DIR)",
				);
				INFOPLIST_FILE = "$(SRCROOT)/Code/Info.plist";
				IPHONEOS_DEPLOYMENT_TARGET = 8.1;
				LD_RUNPATH_SEARCH_PATHS = "$(inherited) @executable_path/Frameworks";
				PRODUCT_BUNDLE_IDENTIFIER = com.uwmad407.gametest;
				PRODUCT_NAME = Gametest;
				PROVISIONING_PROFILE = "";
				TARGETED_DEVICE_FAMILY = 1;
			};
			name = Release;
		};
/* End XCBuildConfiguration section */

/* Begin XCConfigurationList section */
		540324231A4B8B5300B61880 /* Build configuration list for PBXProject "Gametest" */ = {
			isa = XCConfigurationList;
			buildConfigurations = (
				540324491A4B8B5300B61880 /* Debug */,
				5403244A1A4B8B5300B61880 /* Release */,
			);
			defaultConfigurationIsVisible = 0;
			defaultConfigurationName = Release;
		};
		5403244B1A4B8B5300B61880 /* Build configuration list for PBXNativeTarget "Gametest" */ = {
			isa = XCConfigurationList;
			buildConfigurations = (
				5403244C1A4B8B5300B61880 /* Debug */,
				5403244D1A4B8B5300B61880 /* Release */,
			);
			defaultConfigurationIsVisible = 0;
			defaultConfigurationName = Release;
		};
/* End XCConfigurationList section */
	};
	rootObject = 540324201A4B8B5300B61880 /* Project object */;
}
